// !$*UTF8*$!
{
	archiveVersion = 1;
	classes = {
	};
	objectVersion = 70;
	objects = {

/* Begin PBXBuildFile section */
		E40C811B2C9F46D300A517A5 /* Preview Assets.xcassets in Resources */ = {isa = PBXBuildFile; fileRef = E40C81092C9F46D200A517A5 /* Preview Assets.xcassets */; };
		E40C811C2C9F46D300A517A5 /* Assets.xcassets in Resources */ = {isa = PBXBuildFile; fileRef = E40C81082C9F46D200A517A5 /* Assets.xcassets */; };
		E40C811D2C9F46D300A517A5 /* learnpage2.swift in Sources */ = {isa = PBXBuildFile; fileRef = E40C810D2C9F46D200A517A5 /* learnpage2.swift */; };
		E40C811E2C9F46D300A517A5 /* HomeView.swift in Sources */ = {isa = PBXBuildFile; fileRef = E40C81102C9F46D200A517A5 /* HomeView.swift */; };
		E40C811F2C9F46D300A517A5 /* InfoView.swift in Sources */ = {isa = PBXBuildFile; fileRef = E40C81112C9F46D200A517A5 /* InfoView.swift */; };
		E40C81212C9F46D300A517A5 /* QuizView.swift in Sources */ = {isa = PBXBuildFile; fileRef = E40C81132C9F46D200A517A5 /* QuizView.swift */; };
		E40C81232C9F46D300A517A5 /* bloodwyseApp.swift in Sources */ = {isa = PBXBuildFile; fileRef = E40C81162C9F46D200A517A5 /* bloodwyseApp.swift */; };
		E40C81242C9F46D300A517A5 /* SwiftUIView.swift in Sources */ = {isa = PBXBuildFile; fileRef = E40C81192C9F46D200A517A5 /* SwiftUIView.swift */; };
		E40C81252C9F46D300A517A5 /* introtolearnView.swift in Sources */ = {isa = PBXBuildFile; fileRef = E40C810B2C9F46D200A517A5 /* introtolearnView.swift */; };
		E40C81262C9F46D300A517A5 /* ProgressView.swift in Sources */ = {isa = PBXBuildFile; fileRef = E40C81122C9F46D200A517A5 /* ProgressView.swift */; };
		E40C81272C9F46D300A517A5 /* ContentView.swift in Sources */ = {isa = PBXBuildFile; fileRef = E40C81172C9F46D200A517A5 /* ContentView.swift */; };
		E40C81282C9F46D300A517A5 /* ResultsView.swift in Sources */ = {isa = PBXBuildFile; fileRef = E40C81052C9F46D200A517A5 /* ResultsView.swift */; };
		E40C81292C9F46D300A517A5 /* QuestionView.swift in Sources */ = {isa = PBXBuildFile; fileRef = E40C81032C9F46D200A517A5 /* QuestionView.swift */; };
		E40C812A2C9F46D300A517A5 /* StartView.swift in Sources */ = {isa = PBXBuildFile; fileRef = E40C81062C9F46D200A517A5 /* StartView.swift */; };
		E40C812C2C9F46D300A517A5 /* learnpage3.swift in Sources */ = {isa = PBXBuildFile; fileRef = E40C810E2C9F46D200A517A5 /* learnpage3.swift */; };
		E40C812D2C9F46D300A517A5 /* Learnpage1.swift in Sources */ = {isa = PBXBuildFile; fileRef = E40C810C2C9F46D200A517A5 /* Learnpage1.swift */; };
		E40C812F2C9F46D300A517A5 /* QuizManager.swift in Sources */ = {isa = PBXBuildFile; fileRef = E40C81042C9F46D200A517A5 /* QuizManager.swift */; };
		E4381D472CB2FA640077E275 /* learnpage3.0.swift in Sources */ = {isa = PBXBuildFile; fileRef = E4381D462CB2FA640077E275 /* learnpage3.0.swift */; };
		E4381D492CB2FA780077E275 /* learnpage3.1.swift in Sources */ = {isa = PBXBuildFile; fileRef = E4381D482CB2FA780077E275 /* learnpage3.1.swift */; };
		E4381D4B2CB2FA860077E275 /* learnpage3.2.swift in Sources */ = {isa = PBXBuildFile; fileRef = E4381D4A2CB2FA860077E275 /* learnpage3.2.swift */; };
		E44BBF212CA2684400A3B5A0 /* learnpage4.swift in Sources */ = {isa = PBXBuildFile; fileRef = E44BBF202CA2684400A3B5A0 /* learnpage4.swift */; };
		E4957FC62C9F4DDA00DE05D2 /* FullquestionView.swift in Sources */ = {isa = PBXBuildFile; fileRef = E4957FC52C9F4DDA00DE05D2 /* FullquestionView.swift */; };
		E4CCDEC12C6A85FE00B977E9 /* Supabase in Frameworks */ = {isa = PBXBuildFile; productRef = E4CCDEC02C6A85FE00B977E9 /* Supabase */; };
		E4E89BF92CB37C2A002EDC8E /* learnpage3.3.swift in Sources */ = {isa = PBXBuildFile; fileRef = E4E89BF82CB37C2A002EDC8E /* learnpage3.3.swift */; };
/* End PBXBuildFile section */

/* Begin PBXFileReference section */
		E40C81032C9F46D200A517A5 /* QuestionView.swift */ = {isa = PBXFileReference; lastKnownFileType = sourcecode.swift; path = QuestionView.swift; sourceTree = "<group>"; };
		E40C81042C9F46D200A517A5 /* QuizManager.swift */ = {isa = PBXFileReference; lastKnownFileType = sourcecode.swift; path = QuizManager.swift; sourceTree = "<group>"; };
		E40C81052C9F46D200A517A5 /* ResultsView.swift */ = {isa = PBXFileReference; lastKnownFileType = sourcecode.swift; path = ResultsView.swift; sourceTree = "<group>"; };
		E40C81062C9F46D200A517A5 /* StartView.swift */ = {isa = PBXFileReference; lastKnownFileType = sourcecode.swift; path = StartView.swift; sourceTree = "<group>"; };
		E40C81082C9F46D200A517A5 /* Assets.xcassets */ = {isa = PBXFileReference; lastKnownFileType = folder.assetcatalog; path = Assets.xcassets; sourceTree = "<group>"; };
		E40C81092C9F46D200A517A5 /* Preview Assets.xcassets */ = {isa = PBXFileReference; lastKnownFileType = folder.assetcatalog; path = "Preview Assets.xcassets"; sourceTree = "<group>"; };
		E40C810B2C9F46D200A517A5 /* introtolearnView.swift */ = {isa = PBXFileReference; lastKnownFileType = sourcecode.swift; path = introtolearnView.swift; sourceTree = "<group>"; };
		E40C810C2C9F46D200A517A5 /* Learnpage1.swift */ = {isa = PBXFileReference; lastKnownFileType = sourcecode.swift; path = Learnpage1.swift; sourceTree = "<group>"; };
		E40C810D2C9F46D200A517A5 /* learnpage2.swift */ = {isa = PBXFileReference; lastKnownFileType = sourcecode.swift; path = learnpage2.swift; sourceTree = "<group>"; };
		E40C810E2C9F46D200A517A5 /* learnpage3.swift */ = {isa = PBXFileReference; lastKnownFileType = sourcecode.swift; path = learnpage3.swift; sourceTree = "<group>"; };
		E40C81102C9F46D200A517A5 /* HomeView.swift */ = {isa = PBXFileReference; lastKnownFileType = sourcecode.swift; path = HomeView.swift; sourceTree = "<group>"; };
		E40C81112C9F46D200A517A5 /* InfoView.swift */ = {isa = PBXFileReference; lastKnownFileType = sourcecode.swift; path = InfoView.swift; sourceTree = "<group>"; };
		E40C81122C9F46D200A517A5 /* ProgressView.swift */ = {isa = PBXFileReference; lastKnownFileType = sourcecode.swift; path = ProgressView.swift; sourceTree = "<group>"; };
		E40C81132C9F46D200A517A5 /* QuizView.swift */ = {isa = PBXFileReference; lastKnownFileType = sourcecode.swift; path = QuizView.swift; sourceTree = "<group>"; };
		E40C81162C9F46D200A517A5 /* bloodwyseApp.swift */ = {isa = PBXFileReference; lastKnownFileType = sourcecode.swift; path = bloodwyseApp.swift; sourceTree = "<group>"; };
		E40C81172C9F46D200A517A5 /* ContentView.swift */ = {isa = PBXFileReference; lastKnownFileType = sourcecode.swift; path = ContentView.swift; sourceTree = "<group>"; };
		E40C81192C9F46D200A517A5 /* SwiftUIView.swift */ = {isa = PBXFileReference; lastKnownFileType = sourcecode.swift; path = SwiftUIView.swift; sourceTree = "<group>"; };
		E4381D462CB2FA640077E275 /* learnpage3.0.swift */ = {isa = PBXFileReference; lastKnownFileType = sourcecode.swift; path = learnpage3.0.swift; sourceTree = "<group>"; };
		E4381D482CB2FA780077E275 /* learnpage3.1.swift */ = {isa = PBXFileReference; lastKnownFileType = sourcecode.swift; path = learnpage3.1.swift; sourceTree = "<group>"; };
		E4381D4A2CB2FA860077E275 /* learnpage3.2.swift */ = {isa = PBXFileReference; lastKnownFileType = sourcecode.swift; path = learnpage3.2.swift; sourceTree = "<group>"; };
		E44BBF202CA2684400A3B5A0 /* learnpage4.swift */ = {isa = PBXFileReference; lastKnownFileType = sourcecode.swift; path = learnpage4.swift; sourceTree = "<group>"; };
		E48E31E72C65277800EDB4D4 /* BloodWise.app */ = {isa = PBXFileReference; explicitFileType = wrapper.application; includeInIndex = 0; path = BloodWise.app; sourceTree = BUILT_PRODUCTS_DIR; };
		E4957FC52C9F4DDA00DE05D2 /* FullquestionView.swift */ = {isa = PBXFileReference; lastKnownFileType = sourcecode.swift; path = FullquestionView.swift; sourceTree = "<group>"; };
		E4E89BF82CB37C2A002EDC8E /* learnpage3.3.swift */ = {isa = PBXFileReference; lastKnownFileType = sourcecode.swift; path = learnpage3.3.swift; sourceTree = "<group>"; };
/* End PBXFileReference section */

/* Begin PBXFileSystemSynchronizedRootGroup section */
		E44BBEFF2CA2399D00A3B5A0 /* New Folder */ = {isa = PBXFileSystemSynchronizedRootGroup; explicitFileTypes = {}; explicitFolders = (); path = "New Folder"; sourceTree = "<group>"; };
		E44BBF322CA301F200A3B5A0 /* New Group 2 */ = {isa = PBXFileSystemSynchronizedRootGroup; explicitFileTypes = {}; explicitFolders = (); path = "New Group 2"; sourceTree = "<group>"; };
/* End PBXFileSystemSynchronizedRootGroup section */

/* Begin PBXFrameworksBuildPhase section */
		E48E31E42C65277800EDB4D4 /* Frameworks */ = {
			isa = PBXFrameworksBuildPhase;
			buildActionMask = 2147483647;
			files = (
				E4CCDEC12C6A85FE00B977E9 /* Supabase in Frameworks */,
			);
			runOnlyForDeploymentPostprocessing = 0;
		};
/* End PBXFrameworksBuildPhase section */

/* Begin PBXGroup section */
		E40C810A2C9F46D200A517A5 /* Preview Content */ = {
			isa = PBXGroup;
			children = (
				E40C81082C9F46D200A517A5 /* Assets.xcassets */,
				E40C81092C9F46D200A517A5 /* Preview Assets.xcassets */,
			);
			path = "Preview Content";
			sourceTree = "<group>";
		};
		E40C810F2C9F46D200A517A5 /* New Group */ = {
			isa = PBXGroup;
			children = (
				E40C810B2C9F46D200A517A5 /* introtolearnView.swift */,
				E44BBEFF2CA2399D00A3B5A0 /* New Folder */,
				E4381D452CB2FA230077E275 /* New Group 3 */,
				E44BBF322CA301F200A3B5A0 /* New Group 2 */,
				E44BBF042CA23C1400A3B5A0 /* New Group */,
			);
			path = "New Group";
			sourceTree = "<group>";
		};
		E40C81152C9F46D200A517A5 /* tabs */ = {
			isa = PBXGroup;
			children = (
				E40C81132C9F46D200A517A5 /* QuizView.swift */,
				E40C81102C9F46D200A517A5 /* HomeView.swift */,
				E40C81112C9F46D200A517A5 /* InfoView.swift */,
				E40C81122C9F46D200A517A5 /* ProgressView.swift */,
			);
			path = tabs;
			sourceTree = "<group>";
		};
		E40C811A2C9F46D200A517A5 /* bloodwyse */ = {
			isa = PBXGroup;
			children = (
				E4957FC42C9F4CD000DE05D2 /* quizpage */,
				E40C810A2C9F46D200A517A5 /* Preview Content */,
				E40C81152C9F46D200A517A5 /* tabs */,
				E40C810F2C9F46D200A517A5 /* New Group */,
				E40C81162C9F46D200A517A5 /* bloodwyseApp.swift */,
				E40C81192C9F46D200A517A5 /* SwiftUIView.swift */,
				E40C81172C9F46D200A517A5 /* ContentView.swift */,
			);
			path = bloodwyse;
			sourceTree = "<group>";
		};
		E4381D452CB2FA230077E275 /* New Group 3 */ = {
			isa = PBXGroup;
			children = (
				E4381D462CB2FA640077E275 /* learnpage3.0.swift */,
				E4381D482CB2FA780077E275 /* learnpage3.1.swift */,
				E4381D4A2CB2FA860077E275 /* learnpage3.2.swift */,
				E4E89BF82CB37C2A002EDC8E /* learnpage3.3.swift */,
			);
			path = "New Group 3";
			sourceTree = "<group>";
		};
		E44BBF042CA23C1400A3B5A0 /* New Group */ = {
			isa = PBXGroup;
			children = (
				E40C810C2C9F46D200A517A5 /* Learnpage1.swift */,
				E40C810D2C9F46D200A517A5 /* learnpage2.swift */,
				E40C810E2C9F46D200A517A5 /* learnpage3.swift */,
				E44BBF202CA2684400A3B5A0 /* learnpage4.swift */,
			);
			path = "New Group";
			sourceTree = "<group>";
		};
		E48E31DE2C65277800EDB4D4 = {
			isa = PBXGroup;
			children = (
				E40C811A2C9F46D200A517A5 /* bloodwyse */,
				E48E31E82C65277800EDB4D4 /* Products */,
			);
			sourceTree = "<group>";
		};
		E48E31E82C65277800EDB4D4 /* Products */ = {
			isa = PBXGroup;
			children = (
				E48E31E72C65277800EDB4D4 /* BloodWise.app */,
			);
			name = Products;
			sourceTree = "<group>";
		};
		E4957FC42C9F4CD000DE05D2 /* quizpage */ = {
			isa = PBXGroup;
			children = (
				E40C81032C9F46D200A517A5 /* QuestionView.swift */,
				E40C81042C9F46D200A517A5 /* QuizManager.swift */,
				E40C81052C9F46D200A517A5 /* ResultsView.swift */,
				E40C81062C9F46D200A517A5 /* StartView.swift */,
				E4957FC52C9F4DDA00DE05D2 /* FullquestionView.swift */,
			);
			path = quizpage;
			sourceTree = "<group>";
		};
/* End PBXGroup section */

/* Begin PBXNativeTarget section */
		E48E31E62C65277800EDB4D4 /* BloodWise */ = {
			isa = PBXNativeTarget;
			buildConfigurationList = E48E31F52C65277900EDB4D4 /* Build configuration list for PBXNativeTarget "BloodWise" */;
			buildPhases = (
				E48E31E32C65277800EDB4D4 /* Sources */,
				E48E31E42C65277800EDB4D4 /* Frameworks */,
				E48E31E52C65277800EDB4D4 /* Resources */,
			);
			buildRules = (
			);
			dependencies = (
			);
			fileSystemSynchronizedGroups = (
				E44BBEFF2CA2399D00A3B5A0 /* New Folder */,
				E44BBF322CA301F200A3B5A0 /* New Group 2 */,
			);
			name = BloodWise;
			packageProductDependencies = (
				E4CCDEC02C6A85FE00B977E9 /* Supabase */,
			);
			productName = bloodquest;
			productReference = E48E31E72C65277800EDB4D4 /* BloodWise.app */;
			productType = "com.apple.product-type.application";
		};
/* End PBXNativeTarget section */

/* Begin PBXProject section */
		E48E31DF2C65277800EDB4D4 /* Project object */ = {
			isa = PBXProject;
			attributes = {
				BuildIndependentTargetsInParallel = 1;
				LastSwiftUpdateCheck = 1430;
				LastUpgradeCheck = 1600;
				TargetAttributes = {
					E48E31E62C65277800EDB4D4 = {
						CreatedOnToolsVersion = 14.3.1;
					};
				};
			};
			buildConfigurationList = E48E31E22C65277800EDB4D4 /* Build configuration list for PBXProject "bloodquest" */;
			compatibilityVersion = "Xcode 14.0";
			developmentRegion = en;
			hasScannedForEncodings = 0;
			knownRegions = (
				en,
				Base,
			);
			mainGroup = E48E31DE2C65277800EDB4D4;
			packageReferences = (
				E4CCDEBF2C6A85FE00B977E9 /* XCRemoteSwiftPackageReference "supabase-swift" */,
			);
			productRefGroup = E48E31E82C65277800EDB4D4 /* Products */;
			projectDirPath = "";
			projectRoot = "";
			targets = (
				E48E31E62C65277800EDB4D4 /* BloodWise */,
			);
		};
/* End PBXProject section */

/* Begin PBXResourcesBuildPhase section */
		E48E31E52C65277800EDB4D4 /* Resources */ = {
			isa = PBXResourcesBuildPhase;
			buildActionMask = 2147483647;
			files = (
				E40C811B2C9F46D300A517A5 /* Preview Assets.xcassets in Resources */,
				E40C811C2C9F46D300A517A5 /* Assets.xcassets in Resources */,
			);
			runOnlyForDeploymentPostprocessing = 0;
		};
/* End PBXResourcesBuildPhase section */

/* Begin PBXSourcesBuildPhase section */
		E48E31E32C65277800EDB4D4 /* Sources */ = {
			isa = PBXSourcesBuildPhase;
			buildActionMask = 2147483647;
			files = (
				E40C811D2C9F46D300A517A5 /* learnpage2.swift in Sources */,
				E40C811E2C9F46D300A517A5 /* HomeView.swift in Sources */,
				E40C811F2C9F46D300A517A5 /* InfoView.swift in Sources */,
				E40C81212C9F46D300A517A5 /* QuizView.swift in Sources */,
				E40C81232C9F46D300A517A5 /* bloodwyseApp.swift in Sources */,
				E4381D472CB2FA640077E275 /* learnpage3.0.swift in Sources */,
				E40C81242C9F46D300A517A5 /* SwiftUIView.swift in Sources */,
				E40C81252C9F46D300A517A5 /* introtolearnView.swift in Sources */,
				E40C81262C9F46D300A517A5 /* ProgressView.swift in Sources */,
				E40C81272C9F46D300A517A5 /* ContentView.swift in Sources */,
				E4957FC62C9F4DDA00DE05D2 /* FullquestionView.swift in Sources */,
				E44BBF212CA2684400A3B5A0 /* learnpage4.swift in Sources */,
				E4E89BF92CB37C2A002EDC8E /* learnpage3.3.swift in Sources */,
				E40C81282C9F46D300A517A5 /* ResultsView.swift in Sources */,
				E4381D492CB2FA780077E275 /* learnpage3.1.swift in Sources */,
				E40C81292C9F46D300A517A5 /* QuestionView.swift in Sources */,
				E40C812A2C9F46D300A517A5 /* StartView.swift in Sources */,
				E4381D4B2CB2FA860077E275 /* learnpage3.2.swift in Sources */,
				E40C812C2C9F46D300A517A5 /* learnpage3.swift in Sources */,
				E40C812D2C9F46D300A517A5 /* Learnpage1.swift in Sources */,
				E40C812F2C9F46D300A517A5 /* QuizManager.swift in Sources */,
			);
			runOnlyForDeploymentPostprocessing = 0;
		};
/* End PBXSourcesBuildPhase section */

/* Begin XCBuildConfiguration section */
		E48E31F32C65277900EDB4D4 /* Debug */ = {
			isa = XCBuildConfiguration;
			buildSettings = {
				ALWAYS_SEARCH_USER_PATHS = NO;
				ASSETCATALOG_COMPILER_GENERATE_SWIFT_ASSET_SYMBOL_EXTENSIONS = YES;
				CLANG_ANALYZER_NONNULL = YES;
				CLANG_ANALYZER_NUMBER_OBJECT_CONVERSION = YES_AGGRESSIVE;
				CLANG_CXX_LANGUAGE_STANDARD = "gnu++20";
				CLANG_ENABLE_MODULES = YES;
				CLANG_ENABLE_OBJC_ARC = YES;
				CLANG_ENABLE_OBJC_WEAK = YES;
				CLANG_WARN_BLOCK_CAPTURE_AUTORELEASING = YES;
				CLANG_WARN_BOOL_CONVERSION = YES;
				CLANG_WARN_COMMA = YES;
				CLANG_WARN_CONSTANT_CONVERSION = YES;
				CLANG_WARN_DEPRECATED_OBJC_IMPLEMENTATIONS = YES;
				CLANG_WARN_DIRECT_OBJC_ISA_USAGE = YES_ERROR;
				CLANG_WARN_DOCUMENTATION_COMMENTS = YES;
				CLANG_WARN_EMPTY_BODY = YES;
				CLANG_WARN_ENUM_CONVERSION = YES;
				CLANG_WARN_INFINITE_RECURSION = YES;
				CLANG_WARN_INT_CONVERSION = YES;
				CLANG_WARN_NON_LITERAL_NULL_CONVERSION = YES;
				CLANG_WARN_OBJC_IMPLICIT_RETAIN_SELF = YES;
				CLANG_WARN_OBJC_LITERAL_CONVERSION = YES;
				CLANG_WARN_OBJC_ROOT_CLASS = YES_ERROR;
				CLANG_WARN_QUOTED_INCLUDE_IN_FRAMEWORK_HEADER = YES;
				CLANG_WARN_RANGE_LOOP_ANALYSIS = YES;
				CLANG_WARN_STRICT_PROTOTYPES = YES;
				CLANG_WARN_SUSPICIOUS_MOVE = YES;
				CLANG_WARN_UNGUARDED_AVAILABILITY = YES_AGGRESSIVE;
				CLANG_WARN_UNREACHABLE_CODE = YES;
				CLANG_WARN__DUPLICATE_METHOD_MATCH = YES;
				COPY_PHASE_STRIP = NO;
				DEBUG_INFORMATION_FORMAT = dwarf;
				ENABLE_STRICT_OBJC_MSGSEND = YES;
				ENABLE_TESTABILITY = YES;
				GCC_C_LANGUAGE_STANDARD = gnu11;
				GCC_DYNAMIC_NO_PIC = NO;
				GCC_NO_COMMON_BLOCKS = YES;
				GCC_OPTIMIZATION_LEVEL = 0;
				GCC_PREPROCESSOR_DEFINITIONS = (
					"DEBUG=1",
					"$(inherited)",
				);
				GCC_WARN_64_TO_32_BIT_CONVERSION = YES;
				GCC_WARN_ABOUT_RETURN_TYPE = YES_ERROR;
				GCC_WARN_UNDECLARED_SELECTOR = YES;
				GCC_WARN_UNINITIALIZED_AUTOS = YES_AGGRESSIVE;
				GCC_WARN_UNUSED_FUNCTION = YES;
				GCC_WARN_UNUSED_VARIABLE = YES;
				IPHONEOS_DEPLOYMENT_TARGET = 16.4;
				MTL_ENABLE_DEBUG_INFO = INCLUDE_SOURCE;
				MTL_FAST_MATH = YES;
				ONLY_ACTIVE_ARCH = YES;
				SDKROOT = iphoneos;
				SWIFT_ACTIVE_COMPILATION_CONDITIONS = DEBUG;
				SWIFT_OPTIMIZATION_LEVEL = "-Onone";
			};
			name = Debug;
		};
		E48E31F42C65277900EDB4D4 /* Release */ = {
			isa = XCBuildConfiguration;
			buildSettings = {
				ALWAYS_SEARCH_USER_PATHS = NO;
				ASSETCATALOG_COMPILER_GENERATE_SWIFT_ASSET_SYMBOL_EXTENSIONS = YES;
				CLANG_ANALYZER_NONNULL = YES;
				CLANG_ANALYZER_NUMBER_OBJECT_CONVERSION = YES_AGGRESSIVE;
				CLANG_CXX_LANGUAGE_STANDARD = "gnu++20";
				CLANG_ENABLE_MODULES = YES;
				CLANG_ENABLE_OBJC_ARC = YES;
				CLANG_ENABLE_OBJC_WEAK = YES;
				CLANG_WARN_BLOCK_CAPTURE_AUTORELEASING = YES;
				CLANG_WARN_BOOL_CONVERSION = YES;
				CLANG_WARN_COMMA = YES;
				CLANG_WARN_CONSTANT_CONVERSION = YES;
				CLANG_WARN_DEPRECATED_OBJC_IMPLEMENTATIONS = YES;
				CLANG_WARN_DIRECT_OBJC_ISA_USAGE = YES_ERROR;
				CLANG_WARN_DOCUMENTATION_COMMENTS = YES;
				CLANG_WARN_EMPTY_BODY = YES;
				CLANG_WARN_ENUM_CONVERSION = YES;
				CLANG_WARN_INFINITE_RECURSION = YES;
				CLANG_WARN_INT_CONVERSION = YES;
				CLANG_WARN_NON_LITERAL_NULL_CONVERSION = YES;
				CLANG_WARN_OBJC_IMPLICIT_RETAIN_SELF = YES;
				CLANG_WARN_OBJC_LITERAL_CONVERSION = YES;
				CLANG_WARN_OBJC_ROOT_CLASS = YES_ERROR;
				CLANG_WARN_QUOTED_INCLUDE_IN_FRAMEWORK_HEADER = YES;
				CLANG_WARN_RANGE_LOOP_ANALYSIS = YES;
				CLANG_WARN_STRICT_PROTOTYPES = YES;
				CLANG_WARN_SUSPICIOUS_MOVE = YES;
				CLANG_WARN_UNGUARDED_AVAILABILITY = YES_AGGRESSIVE;
				CLANG_WARN_UNREACHABLE_CODE = YES;
				CLANG_WARN__DUPLICATE_METHOD_MATCH = YES;
				COPY_PHASE_STRIP = NO;
				DEBUG_INFORMATION_FORMAT = "dwarf-with-dsym";
				ENABLE_NS_ASSERTIONS = NO;
				ENABLE_STRICT_OBJC_MSGSEND = YES;
				GCC_C_LANGUAGE_STANDARD = gnu11;
				GCC_NO_COMMON_BLOCKS = YES;
				GCC_WARN_64_TO_32_BIT_CONVERSION = YES;
				GCC_WARN_ABOUT_RETURN_TYPE = YES_ERROR;
				GCC_WARN_UNDECLARED_SELECTOR = YES;
				GCC_WARN_UNINITIALIZED_AUTOS = YES_AGGRESSIVE;
				GCC_WARN_UNUSED_FUNCTION = YES;
				GCC_WARN_UNUSED_VARIABLE = YES;
				IPHONEOS_DEPLOYMENT_TARGET = 16.4;
				MTL_ENABLE_DEBUG_INFO = NO;
				MTL_FAST_MATH = YES;
				SDKROOT = iphoneos;
				SWIFT_COMPILATION_MODE = wholemodule;
				SWIFT_OPTIMIZATION_LEVEL = "-O";
				VALIDATE_PRODUCT = YES;
			};
			name = Release;
		};
		E48E31F62C65277900EDB4D4 /* Debug */ = {
			isa = XCBuildConfiguration;
			buildSettings = {
				ASSETCATALOG_COMPILER_APPICON_NAME = AppIcon;
				ASSETCATALOG_COMPILER_GLOBAL_ACCENT_COLOR_NAME = AccentColor;
				CODE_SIGN_STYLE = Automatic;
				CURRENT_PROJECT_VERSION = 1;
				DEVELOPMENT_ASSET_PATHS = "\"bloodwyse/Preview Content\"";
				DEVELOPMENT_TEAM = 66ZFMBSHZN;
				ENABLE_PREVIEWS = YES;
				GENERATE_INFOPLIST_FILE = YES;
				INFOPLIST_KEY_CFBundleDisplayName = "Sepsis Scholars";
				INFOPLIST_KEY_LSApplicationCategoryType = "public.app-category.education";
				INFOPLIST_KEY_UIApplicationSceneManifest_Generation = YES;
				INFOPLIST_KEY_UIApplicationSupportsIndirectInputEvents = YES;
				INFOPLIST_KEY_UILaunchScreen_Generation = YES;
				INFOPLIST_KEY_UISupportedInterfaceOrientations = UIInterfaceOrientationPortrait;
				INFOPLIST_KEY_UISupportedInterfaceOrientations_iPad = "UIInterfaceOrientationLandscapeLeft UIInterfaceOrientationLandscapeRight UIInterfaceOrientationPortrait UIInterfaceOrientationPortraitUpsideDown";
				LD_RUNPATH_SEARCH_PATHS = (
					"$(inherited)",
					"@executable_path/Frameworks",
				);
				MARKETING_VERSION = 1.0;
				PRODUCT_BUNDLE_IDENTIFIER = "com.Isabella-Bond.bloodwise";
				PRODUCT_NAME = "$(TARGET_NAME)";
				SUPPORTED_PLATFORMS = "iphoneos iphonesimulator";
				SUPPORTS_MACCATALYST = NO;
				SUPPORTS_MAC_DESIGNED_FOR_IPHONE_IPAD = YES;
				SWIFT_EMIT_LOC_STRINGS = YES;
				SWIFT_VERSION = 5.0;
				TARGETED_DEVICE_FAMILY = 1;
			};
			name = Debug;
		};
		E48E31F72C65277900EDB4D4 /* Release */ = {
			isa = XCBuildConfiguration;
			buildSettings = {
				ASSETCATALOG_COMPILER_APPICON_NAME = AppIcon;
				ASSETCATALOG_COMPILER_GLOBAL_ACCENT_COLOR_NAME = AccentColor;
				CODE_SIGN_STYLE = Automatic;
				CURRENT_PROJECT_VERSION = 1;
				DEVELOPMENT_ASSET_PATHS = "\"bloodwyse/Preview Content\"";
				DEVELOPMENT_TEAM = 66ZFMBSHZN;
				ENABLE_PREVIEWS = YES;
				GENERATE_INFOPLIST_FILE = YES;
				INFOPLIST_KEY_CFBundleDisplayName = "Sepsis Scholars";
				INFOPLIST_KEY_LSApplicationCategoryType = "public.app-category.education";
				INFOPLIST_KEY_UIApplicationSceneManifest_Generation = YES;
				INFOPLIST_KEY_UIApplicationSupportsIndirectInputEvents = YES;
				INFOPLIST_KEY_UILaunchScreen_Generation = YES;
				INFOPLIST_KEY_UISupportedInterfaceOrientations = UIInterfaceOrientationPortrait;
				INFOPLIST_KEY_UISupportedInterfaceOrientations_iPad = "UIInterfaceOrientationLandscapeLeft UIInterfaceOrientationLandscapeRight UIInterfaceOrientationPortrait UIInterfaceOrientationPortraitUpsideDown";
				LD_RUNPATH_SEARCH_PATHS = (
					"$(inherited)",
					"@executable_path/Frameworks",
				);
				MARKETING_VERSION = 1.0;
				PRODUCT_BUNDLE_IDENTIFIER = "com.Isabella-Bond.bloodwise";
				PRODUCT_NAME = "$(TARGET_NAME)";
				SUPPORTED_PLATFORMS = "iphoneos iphonesimulator";
				SUPPORTS_MACCATALYST = NO;
				SUPPORTS_MAC_DESIGNED_FOR_IPHONE_IPAD = YES;
				SWIFT_EMIT_LOC_STRINGS = YES;
				SWIFT_VERSION = 5.0;
				TARGETED_DEVICE_FAMILY = 1;
			};
			name = Release;
		};
/* End XCBuildConfiguration section */

/* Begin XCConfigurationList section */
		E48E31E22C65277800EDB4D4 /* Build configuration list for PBXProject "bloodquest" */ = {
			isa = XCConfigurationList;
			buildConfigurations = (
				E48E31F32C65277900EDB4D4 /* Debug */,
				E48E31F42C65277900EDB4D4 /* Release */,
			);
			defaultConfigurationIsVisible = 0;
			defaultConfigurationName = Release;
		};
		E48E31F52C65277900EDB4D4 /* Build configuration list for PBXNativeTarget "BloodWise" */ = {
			isa = XCConfigurationList;
			buildConfigurations = (
				E48E31F62C65277900EDB4D4 /* Debug */,
				E48E31F72C65277900EDB4D4 /* Release */,
			);
			defaultConfigurationIsVisible = 0;
			defaultConfigurationName = Release;
		};
/* End XCConfigurationList section */

/* Begin XCRemoteSwiftPackageReference section */
		E4CCDEBF2C6A85FE00B977E9 /* XCRemoteSwiftPackageReference "supabase-swift" */ = {
			isa = XCRemoteSwiftPackageReference;
			repositoryURL = "https://github.com/supabase/supabase-swift.git";
			requirement = {
				kind = upToNextMajorVersion;
				minimumVersion = 0.2.1;
			};
		};
/* End XCRemoteSwiftPackageReference section */

/* Begin XCSwiftPackageProductDependency section */
		E4CCDEC02C6A85FE00B977E9 /* Supabase */ = {
			isa = XCSwiftPackageProductDependency;
			package = E4CCDEBF2C6A85FE00B977E9 /* XCRemoteSwiftPackageReference "supabase-swift" */;
			productName = Supabase;
		};
/* End XCSwiftPackageProductDependency section */
	};
	rootObject = E48E31DF2C65277800EDB4D4 /* Project object */;
}
